
Microsoft Visual Studio Solution File, Format Version 12.00
# Visual Studio Version 17
VisualStudioVersion = 17.9.34723.18
MinimumVisualStudioVersion = 10.0.40219.1
Project("{FAE04EC0-301F-11D3-BF4B-00C04F79EFBC}") = "MagazaUrunTakipSistemi", "MagazaUrunTakipSistemi\MagazaUrunTakipSistemi.csproj", "{348F90AC-6D2C-4F41-BCF9-057C3C5D369C}"
EndProject
Global
	GlobalSection(SolutionConfigurationPlatforms) = preSolution
		Debug|Any CPU = Debug|Any CPU
		Release|Any CPU = Release|Any CPU
	EndGlobalSection
	GlobalSection(ProjectConfigurationPlatforms) = postSolution
		{348F90AC-6D2C-4F41-BCF9-057C3C5D369C}.Debug|Any CPU.ActiveCfg = Debug|Any CPU
		{348F90AC-6D2C-4F41-BCF9-057C3C5D369C}.Debug|Any CPU.Build.0 = Debug|Any CPU
		{348F90AC-6D2C-4F41-BCF9-057C3C5D369C}.Release|Any CPU.ActiveCfg = Release|Any CPU
		{348F90AC-6D2C-4F41-BCF9-057C3C5D369C}.Release|Any CPU.Build.0 = Release|Any CPU
	EndGlobalSection
	GlobalSection(SolutionProperties) = preSolution
		HideSolutionNode = FALSE
	EndGlobalSection
	GlobalSection(ExtensibilityGlobals) = postSolution
		SolutionGuid = {BE67BD7B-5EDA-467A-8E96-48584C96EE0C}
	EndGlobalSection
EndGlobal
